
Microsoft Visual Studio Solution File, Format Version 12.00
# Visual Studio Version 16
VisualStudioVersion = 16.0.30907.101
MinimumVisualStudioVersion = 10.0.40219.1
Project("{FAE04EC0-301F-11D3-BF4B-00C04F79EFBC}") = "WebApplication", "WebApplication\WebApplication.csproj", "{5E1E2724-8A69-41F5-8F68-2FA564767611}"
EndProject
Project("{FAE04EC0-301F-11D3-BF4B-00C04F79EFBC}") = "Persistance", "Persistance\Persistance\Persistance.csproj", "{37989BAD-C6F9-4EBA-B358-98C4F8A20A8B}"
EndProject
Project("{FAE04EC0-301F-11D3-BF4B-00C04F79EFBC}") = "Infrastructure", "Infrastructure\Infrastructure.csproj", "{45E95BE0-6116-44D5-BC55-9561478453FC}"
EndProject
Project("{FAE04EC0-301F-11D3-BF4B-00C04F79EFBC}") = "Entities", "Entities\Entities.csproj", "{BE85635C-DF83-4FDF-BDF1-29BBEBB180A2}"
EndProject
Project("{2150E333-8FDC-42A3-9474-1A3956D46DE8}") = "DataAccess", "DataAccess", "{315F906B-F801-4B3D-904E-195DA00ED231}"
EndProject
Project("{FAE04EC0-301F-11D3-BF4B-00C04F79EFBC}") = "DataPersistance", "DataPersistance\DataPersistance.csproj", "{A22EB43C-96ED-42F4-9948-4E3F759888C8}"
EndProject
Global
	GlobalSection(SolutionConfigurationPlatforms) = preSolution
		Debug|Any CPU = Debug|Any CPU
		Release|Any CPU = Release|Any CPU
	EndGlobalSection
	GlobalSection(ProjectConfigurationPlatforms) = postSolution
		{5E1E2724-8A69-41F5-8F68-2FA564767611}.Debug|Any CPU.ActiveCfg = Debug|Any CPU
		{5E1E2724-8A69-41F5-8F68-2FA564767611}.Debug|Any CPU.Build.0 = Debug|Any CPU
		{5E1E2724-8A69-41F5-8F68-2FA564767611}.Release|Any CPU.ActiveCfg = Release|Any CPU
		{5E1E2724-8A69-41F5-8F68-2FA564767611}.Release|Any CPU.Build.0 = Release|Any CPU
		{37989BAD-C6F9-4EBA-B358-98C4F8A20A8B}.Debug|Any CPU.ActiveCfg = Debug|Any CPU
		{37989BAD-C6F9-4EBA-B358-98C4F8A20A8B}.Debug|Any CPU.Build.0 = Debug|Any CPU
		{37989BAD-C6F9-4EBA-B358-98C4F8A20A8B}.Release|Any CPU.ActiveCfg = Release|Any CPU
		{37989BAD-C6F9-4EBA-B358-98C4F8A20A8B}.Release|Any CPU.Build.0 = Release|Any CPU
		{45E95BE0-6116-44D5-BC55-9561478453FC}.Debug|Any CPU.ActiveCfg = Debug|Any CPU
		{45E95BE0-6116-44D5-BC55-9561478453FC}.Debug|Any CPU.Build.0 = Debug|Any CPU
		{45E95BE0-6116-44D5-BC55-9561478453FC}.Release|Any CPU.ActiveCfg = Release|Any CPU
		{45E95BE0-6116-44D5-BC55-9561478453FC}.Release|Any CPU.Build.0 = Release|Any CPU
		{BE85635C-DF83-4FDF-BDF1-29BBEBB180A2}.Debug|Any CPU.ActiveCfg = Debug|Any CPU
		{BE85635C-DF83-4FDF-BDF1-29BBEBB180A2}.Debug|Any CPU.Build.0 = Debug|Any CPU
		{BE85635C-DF83-4FDF-BDF1-29BBEBB180A2}.Release|Any CPU.ActiveCfg = Release|Any CPU
		{BE85635C-DF83-4FDF-BDF1-29BBEBB180A2}.Release|Any CPU.Build.0 = Release|Any CPU
		{A22EB43C-96ED-42F4-9948-4E3F759888C8}.Debug|Any CPU.ActiveCfg = Debug|Any CPU
		{A22EB43C-96ED-42F4-9948-4E3F759888C8}.Debug|Any CPU.Build.0 = Debug|Any CPU
		{A22EB43C-96ED-42F4-9948-4E3F759888C8}.Release|Any CPU.ActiveCfg = Release|Any CPU
		{A22EB43C-96ED-42F4-9948-4E3F759888C8}.Release|Any CPU.Build.0 = Release|Any CPU
	EndGlobalSection
	GlobalSection(SolutionProperties) = preSolution
		HideSolutionNode = FALSE
	EndGlobalSection
	GlobalSection(NestedProjects) = preSolution
		{A22EB43C-96ED-42F4-9948-4E3F759888C8} = {315F906B-F801-4B3D-904E-195DA00ED231}
	EndGlobalSection
	GlobalSection(ExtensibilityGlobals) = postSolution
		SolutionGuid = {095120F7-70E0-405A-A086-6D03111046BB}
	EndGlobalSection
EndGlobal
